
Microsoft Visual Studio Solution File, Format Version 12.00
# Visual Studio 15
VisualStudioVersion = 15.0.28307.271
MinimumVisualStudioVersion = 10.0.40219.1
Project("{FAE04EC0-301F-11D3-BF4B-00C04F79EFBC}") = "ΤελικήΕργασία", "ΤελικήΕργασία\ΤελικήΕργασία.csproj", "{4F6F2B1B-D578-47D4-B6E0-C92E6738D514}"
EndProject
Global
	GlobalSection(SolutionConfigurationPlatforms) = preSolution
		Debug|Any CPU = Debug|Any CPU
		Release|Any CPU = Release|Any CPU
	EndGlobalSection
	GlobalSection(ProjectConfigurationPlatforms) = postSolution
		{4F6F2B1B-D578-47D4-B6E0-C92E6738D514}.Debug|Any CPU.ActiveCfg = Debug|Any CPU
		{4F6F2B1B-D578-47D4-B6E0-C92E6738D514}.Debug|Any CPU.Build.0 = Debug|Any CPU
		{4F6F2B1B-D578-47D4-B6E0-C92E6738D514}.Release|Any CPU.ActiveCfg = Release|Any CPU
		{4F6F2B1B-D578-47D4-B6E0-C92E6738D514}.Release|Any CPU.Build.0 = Release|Any CPU
	EndGlobalSection
	GlobalSection(SolutionProperties) = preSolution
		HideSolutionNode = FALSE
	EndGlobalSection
	GlobalSection(ExtensibilityGlobals) = postSolution
		SolutionGuid = {5F8D4006-07DB-47A7-9FE0-A7C7B0BBB82B}
	EndGlobalSection
EndGlobal
